
Microsoft Visual Studio Solution File, Format Version 12.00
# Visual Studio Version 17
VisualStudioVersion = 17.14.36301.6
MinimumVisualStudioVersion = 10.0.40219.1
Project("{2150E333-8FDC-42A3-9474-1A3956D46DE8}") = "root", "root", "{02EA681E-C7D8-13C7-8484-4AC65E1B71E8}"
EndProject
Project("{2150E333-8FDC-42A3-9474-1A3956D46DE8}") = "src", "src", "{309504BE-9A6D-42CA-9060-CB9BAC1F9CE0}"
EndProject
Project("{2150E333-8FDC-42A3-9474-1A3956D46DE8}") = "Adapters", "Adapters", "{A1AA2A9C-F5BB-4E03-AE0F-80BA50C65D73}"
EndProject
Project("{2150E333-8FDC-42A3-9474-1A3956D46DE8}") = "Aplication", "Aplication", "{54B6946C-AE9D-4953-B88A-13FF08598935}"
EndProject
Project("{2150E333-8FDC-42A3-9474-1A3956D46DE8}") = "Domain", "Domain", "{0CCDAC63-1A00-40AD-8822-0154DEB5F1F6}"
EndProject
Project("{2150E333-8FDC-42A3-9474-1A3956D46DE8}") = "Driven", "Driven", "{0B7B2EB6-1933-4DE3-BFBF-189A1FDF8795}"
EndProject
Project("{2150E333-8FDC-42A3-9474-1A3956D46DE8}") = "Drivers", "Drivers", "{F1F9F5EF-6C88-4E70-8378-457C0B813289}"
EndProject
Project("{2150E333-8FDC-42A3-9474-1A3956D46DE8}") = "Infrastructure", "Infrastructure", "{BF8F1A95-8FC6-4864-8410-1D13350C5F0C}"
EndProject
Project("{2150E333-8FDC-42A3-9474-1A3956D46DE8}") = "tests", "tests", "{21AA96F2-81FD-4EE3-B9D7-DFF0831D7407}"
EndProject
Project("{FAE04EC0-301F-11D3-BF4B-00C04F79EFBC}") = "Teste.Sale.Ambev.Domain", "Teste.Sale.Ambev.Domain\Teste.Sale.Ambev.Domain.csproj", "{7CE7838B-B08E-412C-B31A-7F7D2572F2E0}"
EndProject
Project("{FAE04EC0-301F-11D3-BF4B-00C04F79EFBC}") = "Teste.Sale.Ambev.Aplication", "Teste.Sale.Ambev.Aplication\Teste.Sale.Ambev.Aplication.csproj", "{94BC4C6A-C536-4871-8688-4572E868EB3A}"
EndProject
Project("{FAE04EC0-301F-11D3-BF4B-00C04F79EFBC}") = "Teste.Sale.Ambev.Driven", "Teste.Sale.Ambev.Driven\Teste.Sale.Ambev.Driven.csproj", "{5131D60C-73EE-4A15-95A7-47EA511E3E94}"
EndProject
Project("{2150E333-8FDC-42A3-9474-1A3956D46DE8}") = "WebAPI", "WebAPI", "{DBE69873-0D6E-4123-99D2-75D645CA8441}"
EndProject
Project("{FAE04EC0-301F-11D3-BF4B-00C04F79EFBC}") = "Teste.Sale.Ambev.API", "Teste.Sale.Ambev.API\Teste.Sale.Ambev.API.csproj", "{202EB8B3-A4A4-40D9-A864-BB011B73882D}"
EndProject
Project("{2150E333-8FDC-42A3-9474-1A3956D46DE8}") = "Crosscutting", "Crosscutting", "{E636228F-E570-41A6-A1F0-27A323ED401B}"
EndProject
Project("{FAE04EC0-301F-11D3-BF4B-00C04F79EFBC}") = "Teste.Sale.Ambev.Crosscutting", "Teste.Sale.Ambev.Crosscutting\Teste.Sale.Ambev.Crosscutting.csproj", "{F0F6DC90-892B-484B-AC5F-63C68B89660E}"
EndProject
Project("{2150E333-8FDC-42A3-9474-1A3956D46DE8}") = "Core", "Core", "{27337A5C-C7C2-41F7-8A67-C52A4EF65392}"
EndProject
Project("{FAE04EC0-301F-11D3-BF4B-00C04F79EFBC}") = "Teste.Sale.Ambev.Infrastructure", "Teste.Sale.Ambev.Infrastructure\Teste.Sale.Ambev.Infrastructure.csproj", "{99321BC0-44C6-4611-A191-B0C5B48B1777}"
EndProject
Project("{FAE04EC0-301F-11D3-BF4B-00C04F79EFBC}") = "Teste.Sale.Ambev.Unit", "Teste.Sale.Ambev.Unit\Teste.Sale.Ambev.Unit.csproj", "{2131D116-0A76-4B8A-9B38-7CA935E5FEB8}"
EndProject
Global
	GlobalSection(SolutionConfigurationPlatforms) = preSolution
		Debug|Any CPU = Debug|Any CPU
		Release|Any CPU = Release|Any CPU
	EndGlobalSection
	GlobalSection(ProjectConfigurationPlatforms) = postSolution
		{7CE7838B-B08E-412C-B31A-7F7D2572F2E0}.Debug|Any CPU.ActiveCfg = Debug|Any CPU
		{7CE7838B-B08E-412C-B31A-7F7D2572F2E0}.Debug|Any CPU.Build.0 = Debug|Any CPU
		{7CE7838B-B08E-412C-B31A-7F7D2572F2E0}.Release|Any CPU.ActiveCfg = Release|Any CPU
		{7CE7838B-B08E-412C-B31A-7F7D2572F2E0}.Release|Any CPU.Build.0 = Release|Any CPU
		{94BC4C6A-C536-4871-8688-4572E868EB3A}.Debug|Any CPU.ActiveCfg = Debug|Any CPU
		{94BC4C6A-C536-4871-8688-4572E868EB3A}.Debug|Any CPU.Build.0 = Debug|Any CPU
		{94BC4C6A-C536-4871-8688-4572E868EB3A}.Release|Any CPU.ActiveCfg = Release|Any CPU
		{94BC4C6A-C536-4871-8688-4572E868EB3A}.Release|Any CPU.Build.0 = Release|Any CPU
		{5131D60C-73EE-4A15-95A7-47EA511E3E94}.Debug|Any CPU.ActiveCfg = Debug|Any CPU
		{5131D60C-73EE-4A15-95A7-47EA511E3E94}.Debug|Any CPU.Build.0 = Debug|Any CPU
		{5131D60C-73EE-4A15-95A7-47EA511E3E94}.Release|Any CPU.ActiveCfg = Release|Any CPU
		{5131D60C-73EE-4A15-95A7-47EA511E3E94}.Release|Any CPU.Build.0 = Release|Any CPU
		{202EB8B3-A4A4-40D9-A864-BB011B73882D}.Debug|Any CPU.ActiveCfg = Debug|Any CPU
		{202EB8B3-A4A4-40D9-A864-BB011B73882D}.Debug|Any CPU.Build.0 = Debug|Any CPU
		{202EB8B3-A4A4-40D9-A864-BB011B73882D}.Release|Any CPU.ActiveCfg = Release|Any CPU
		{202EB8B3-A4A4-40D9-A864-BB011B73882D}.Release|Any CPU.Build.0 = Release|Any CPU
		{F0F6DC90-892B-484B-AC5F-63C68B89660E}.Debug|Any CPU.ActiveCfg = Debug|Any CPU
		{F0F6DC90-892B-484B-AC5F-63C68B89660E}.Debug|Any CPU.Build.0 = Debug|Any CPU
		{F0F6DC90-892B-484B-AC5F-63C68B89660E}.Release|Any CPU.ActiveCfg = Release|Any CPU
		{F0F6DC90-892B-484B-AC5F-63C68B89660E}.Release|Any CPU.Build.0 = Release|Any CPU
		{99321BC0-44C6-4611-A191-B0C5B48B1777}.Debug|Any CPU.ActiveCfg = Debug|Any CPU
		{99321BC0-44C6-4611-A191-B0C5B48B1777}.Debug|Any CPU.Build.0 = Debug|Any CPU
		{99321BC0-44C6-4611-A191-B0C5B48B1777}.Release|Any CPU.ActiveCfg = Release|Any CPU
		{99321BC0-44C6-4611-A191-B0C5B48B1777}.Release|Any CPU.Build.0 = Release|Any CPU
		{2131D116-0A76-4B8A-9B38-7CA935E5FEB8}.Debug|Any CPU.ActiveCfg = Debug|Any CPU
		{2131D116-0A76-4B8A-9B38-7CA935E5FEB8}.Debug|Any CPU.Build.0 = Debug|Any CPU
		{2131D116-0A76-4B8A-9B38-7CA935E5FEB8}.Release|Any CPU.ActiveCfg = Release|Any CPU
		{2131D116-0A76-4B8A-9B38-7CA935E5FEB8}.Release|Any CPU.Build.0 = Release|Any CPU
	EndGlobalSection
	GlobalSection(SolutionProperties) = preSolution
		HideSolutionNode = FALSE
	EndGlobalSection
	GlobalSection(NestedProjects) = preSolution
		{309504BE-9A6D-42CA-9060-CB9BAC1F9CE0} = {02EA681E-C7D8-13C7-8484-4AC65E1B71E8}
		{A1AA2A9C-F5BB-4E03-AE0F-80BA50C65D73} = {309504BE-9A6D-42CA-9060-CB9BAC1F9CE0}
		{54B6946C-AE9D-4953-B88A-13FF08598935} = {27337A5C-C7C2-41F7-8A67-C52A4EF65392}
		{0CCDAC63-1A00-40AD-8822-0154DEB5F1F6} = {27337A5C-C7C2-41F7-8A67-C52A4EF65392}
		{0B7B2EB6-1933-4DE3-BFBF-189A1FDF8795} = {A1AA2A9C-F5BB-4E03-AE0F-80BA50C65D73}
		{F1F9F5EF-6C88-4E70-8378-457C0B813289} = {A1AA2A9C-F5BB-4E03-AE0F-80BA50C65D73}
		{BF8F1A95-8FC6-4864-8410-1D13350C5F0C} = {309504BE-9A6D-42CA-9060-CB9BAC1F9CE0}
		{21AA96F2-81FD-4EE3-B9D7-DFF0831D7407} = {02EA681E-C7D8-13C7-8484-4AC65E1B71E8}
		{7CE7838B-B08E-412C-B31A-7F7D2572F2E0} = {0CCDAC63-1A00-40AD-8822-0154DEB5F1F6}
		{94BC4C6A-C536-4871-8688-4572E868EB3A} = {54B6946C-AE9D-4953-B88A-13FF08598935}
		{5131D60C-73EE-4A15-95A7-47EA511E3E94} = {0B7B2EB6-1933-4DE3-BFBF-189A1FDF8795}
		{DBE69873-0D6E-4123-99D2-75D645CA8441} = {F1F9F5EF-6C88-4E70-8378-457C0B813289}
		{202EB8B3-A4A4-40D9-A864-BB011B73882D} = {DBE69873-0D6E-4123-99D2-75D645CA8441}
		{E636228F-E570-41A6-A1F0-27A323ED401B} = {309504BE-9A6D-42CA-9060-CB9BAC1F9CE0}
		{F0F6DC90-892B-484B-AC5F-63C68B89660E} = {E636228F-E570-41A6-A1F0-27A323ED401B}
		{27337A5C-C7C2-41F7-8A67-C52A4EF65392} = {309504BE-9A6D-42CA-9060-CB9BAC1F9CE0}
		{99321BC0-44C6-4611-A191-B0C5B48B1777} = {BF8F1A95-8FC6-4864-8410-1D13350C5F0C}
		{2131D116-0A76-4B8A-9B38-7CA935E5FEB8} = {21AA96F2-81FD-4EE3-B9D7-DFF0831D7407}
	EndGlobalSection
	GlobalSection(ExtensibilityGlobals) = postSolution
		SolutionGuid = {300BE999-7E7A-46D9-B699-BB5484BBD59B}
	EndGlobalSection
EndGlobal
